{
  "originHash" : "b6bb9e2d94f194a248f9f773c47760a5a9465738eaf95ae853ddb04625e4721f",
  "pins" : [
    {
      "identity" : "essentials",
      "kind" : "remoteSourceControl",
      "location" : "https://www.github.com/Vaida12345/Essentials",
      "state" : {
        "revision" : "0a6daefd3952c0c48b17a03d3bbcf67f3aa03cef",
        "version" : "1.0.17"
      }
    },
    {
      "identity" : "finderitem",
      "kind" : "remoteSourceControl",
      "location" : "https://www.github.com/Vaida12345/FinderItem",
      "state" : {
        "revision" : "0d4af1b92c1969e638b90236a4671d11fcb564e2",
        "version" : "1.0.11"
      }
    }
  ],
  "version" : 3
}
